// !$*UTF8*$!
{
	archiveVersion = 1;
	classes = {
	};
	objectVersion = 55;
	objects = {

/* Begin PBXBuildFile section */
		3E67A52A27848634007B196A /* DetailPostViewController.swift in Sources */ = {isa = PBXBuildFile; fileRef = 3E67A52827848634007B196A /* DetailPostViewController.swift */; };
		3E67A52B27848634007B196A /* DetailPostViewController.xib in Resources */ = {isa = PBXBuildFile; fileRef = 3E67A52927848634007B196A /* DetailPostViewController.xib */; };
		3E67A52E27849218007B196A /* CommentTableViewCell.swift in Sources */ = {isa = PBXBuildFile; fileRef = 3E67A52C27849218007B196A /* CommentTableViewCell.swift */; };
		3E67A52F27849218007B196A /* CommentTableViewCell.xib in Resources */ = {isa = PBXBuildFile; fileRef = 3E67A52D27849218007B196A /* CommentTableViewCell.xib */; };
		3E67A5332784986F007B196A /* Comment.swift in Sources */ = {isa = PBXBuildFile; fileRef = 3E67A5322784986F007B196A /* Comment.swift */; };
		3E67A53727849BE4007B196A /* DetailPostViewModel.swift in Sources */ = {isa = PBXBuildFile; fileRef = 3E67A53627849BE4007B196A /* DetailPostViewModel.swift */; };
		3EC8A68827831A47009D66A2 /* AppDelegate.swift in Sources */ = {isa = PBXBuildFile; fileRef = 3EC8A68727831A47009D66A2 /* AppDelegate.swift */; };
		3EC8A68A27831A47009D66A2 /* SceneDelegate.swift in Sources */ = {isa = PBXBuildFile; fileRef = 3EC8A68927831A47009D66A2 /* SceneDelegate.swift */; };
		3EC8A69127831A4A009D66A2 /* Assets.xcassets in Resources */ = {isa = PBXBuildFile; fileRef = 3EC8A69027831A4A009D66A2 /* Assets.xcassets */; };
		3EC8A69427831A4A009D66A2 /* LaunchScreen.storyboard in Resources */ = {isa = PBXBuildFile; fileRef = 3EC8A69227831A4A009D66A2 /* LaunchScreen.storyboard */; };
		3EC8A69F27831F5F009D66A2 /* .swiftlint.yml in Resources */ = {isa = PBXBuildFile; fileRef = 3EC8A69E27831F5F009D66A2 /* .swiftlint.yml */; };
		3EC8A6AB2783241B009D66A2 /* PostTableViewCell.swift in Sources */ = {isa = PBXBuildFile; fileRef = 3EC8A6A92783241B009D66A2 /* PostTableViewCell.swift */; };
		3EC8A6AC2783241B009D66A2 /* PostTableViewCell.xib in Resources */ = {isa = PBXBuildFile; fileRef = 3EC8A6AA2783241B009D66A2 /* PostTableViewCell.xib */; };
		3EC8A6AF278339D4009D66A2 /* Post.swift in Sources */ = {isa = PBXBuildFile; fileRef = 3EC8A6AE278339D4009D66A2 /* Post.swift */; };
		3EC8A6B127833AD8009D66A2 /* User.swift in Sources */ = {isa = PBXBuildFile; fileRef = 3EC8A6B027833AD8009D66A2 /* User.swift */; };
		3EC8A6B5278345DB009D66A2 /* Box.swift in Sources */ = {isa = PBXBuildFile; fileRef = 3EC8A6B4278345DB009D66A2 /* Box.swift */; };
		3EC8A6B72783462B009D66A2 /* ApiCall.swift in Sources */ = {isa = PBXBuildFile; fileRef = 3EC8A6B62783462B009D66A2 /* ApiCall.swift */; };
		3EC8A6BA27834790009D66A2 /* NetworkService.swift in Sources */ = {isa = PBXBuildFile; fileRef = 3EC8A6B927834790009D66A2 /* NetworkService.swift */; };
		3EC8A6BD27834ACD009D66A2 /* PostViewModel.swift in Sources */ = {isa = PBXBuildFile; fileRef = 3EC8A6BC27834ACD009D66A2 /* PostViewModel.swift */; };
		3EC8A6C027834CC9009D66A2 /* PostViewController.xib in Resources */ = {isa = PBXBuildFile; fileRef = 3EC8A6BE27834CC9009D66A2 /* PostViewController.xib */; };
		3EC8A6C127834CC9009D66A2 /* PostViewController.swift in Sources */ = {isa = PBXBuildFile; fileRef = 3EC8A6BF27834CC9009D66A2 /* PostViewController.swift */; };
		833A489C10BEC197E1A16704 /* Pods_Blog.framework in Frameworks */ = {isa = PBXBuildFile; fileRef = 4DD74A2D698454539FA6B254 /* Pods_Blog.framework */; };
/* End PBXBuildFile section */

/* Begin PBXFileReference section */
		15CA4AEE8674006FA045FB39 /* Pods-Blog.debug.xcconfig */ = {isa = PBXFileReference; includeInIndex = 1; lastKnownFileType = text.xcconfig; name = "Pods-Blog.debug.xcconfig"; path = "Target Support Files/Pods-Blog/Pods-Blog.debug.xcconfig"; sourceTree = "<group>"; };
		3E67A52827848634007B196A /* DetailPostViewController.swift */ = {isa = PBXFileReference; lastKnownFileType = sourcecode.swift; path = DetailPostViewController.swift; sourceTree = "<group>"; };
		3E67A52927848634007B196A /* DetailPostViewController.xib */ = {isa = PBXFileReference; lastKnownFileType = file.xib; path = DetailPostViewController.xib; sourceTree = "<group>"; };
		3E67A52C27849218007B196A /* CommentTableViewCell.swift */ = {isa = PBXFileReference; lastKnownFileType = sourcecode.swift; path = CommentTableViewCell.swift; sourceTree = "<group>"; };
		3E67A52D27849218007B196A /* CommentTableViewCell.xib */ = {isa = PBXFileReference; lastKnownFileType = file.xib; path = CommentTableViewCell.xib; sourceTree = "<group>"; };
		3E67A5322784986F007B196A /* Comment.swift */ = {isa = PBXFileReference; lastKnownFileType = sourcecode.swift; path = Comment.swift; sourceTree = "<group>"; };
		3E67A53627849BE4007B196A /* DetailPostViewModel.swift */ = {isa = PBXFileReference; lastKnownFileType = sourcecode.swift; path = DetailPostViewModel.swift; sourceTree = "<group>"; };
		3EC8A68427831A47009D66A2 /* Blog.app */ = {isa = PBXFileReference; explicitFileType = wrapper.application; includeInIndex = 0; path = Blog.app; sourceTree = BUILT_PRODUCTS_DIR; };
		3EC8A68727831A47009D66A2 /* AppDelegate.swift */ = {isa = PBXFileReference; lastKnownFileType = sourcecode.swift; path = AppDelegate.swift; sourceTree = "<group>"; };
		3EC8A68927831A47009D66A2 /* SceneDelegate.swift */ = {isa = PBXFileReference; lastKnownFileType = sourcecode.swift; path = SceneDelegate.swift; sourceTree = "<group>"; };
		3EC8A69027831A4A009D66A2 /* Assets.xcassets */ = {isa = PBXFileReference; lastKnownFileType = folder.assetcatalog; path = Assets.xcassets; sourceTree = "<group>"; };
		3EC8A69327831A4A009D66A2 /* Base */ = {isa = PBXFileReference; lastKnownFileType = file.storyboard; name = Base; path = Base.lproj/LaunchScreen.storyboard; sourceTree = "<group>"; };
		3EC8A69527831A4A009D66A2 /* Info.plist */ = {isa = PBXFileReference; lastKnownFileType = text.plist.xml; path = Info.plist; sourceTree = "<group>"; };
		3EC8A69E27831F5F009D66A2 /* .swiftlint.yml */ = {isa = PBXFileReference; lastKnownFileType = text.yaml; path = .swiftlint.yml; sourceTree = "<group>"; };
		3EC8A6A92783241B009D66A2 /* PostTableViewCell.swift */ = {isa = PBXFileReference; lastKnownFileType = sourcecode.swift; path = PostTableViewCell.swift; sourceTree = "<group>"; };
		3EC8A6AA2783241B009D66A2 /* PostTableViewCell.xib */ = {isa = PBXFileReference; lastKnownFileType = file.xib; path = PostTableViewCell.xib; sourceTree = "<group>"; };
		3EC8A6AE278339D4009D66A2 /* Post.swift */ = {isa = PBXFileReference; lastKnownFileType = sourcecode.swift; path = Post.swift; sourceTree = "<group>"; };
		3EC8A6B027833AD8009D66A2 /* User.swift */ = {isa = PBXFileReference; lastKnownFileType = sourcecode.swift; path = User.swift; sourceTree = "<group>"; };
		3EC8A6B4278345DB009D66A2 /* Box.swift */ = {isa = PBXFileReference; lastKnownFileType = sourcecode.swift; path = Box.swift; sourceTree = "<group>"; };
		3EC8A6B62783462B009D66A2 /* ApiCall.swift */ = {isa = PBXFileReference; lastKnownFileType = sourcecode.swift; path = ApiCall.swift; sourceTree = "<group>"; };
		3EC8A6B927834790009D66A2 /* NetworkService.swift */ = {isa = PBXFileReference; lastKnownFileType = sourcecode.swift; path = NetworkService.swift; sourceTree = "<group>"; };
		3EC8A6BC27834ACD009D66A2 /* PostViewModel.swift */ = {isa = PBXFileReference; lastKnownFileType = sourcecode.swift; path = PostViewModel.swift; sourceTree = "<group>"; };
		3EC8A6BE27834CC9009D66A2 /* PostViewController.xib */ = {isa = PBXFileReference; fileEncoding = 4; lastKnownFileType = file.xib; path = PostViewController.xib; sourceTree = "<group>"; };
		3EC8A6BF27834CC9009D66A2 /* PostViewController.swift */ = {isa = PBXFileReference; fileEncoding = 4; lastKnownFileType = sourcecode.swift; path = PostViewController.swift; sourceTree = "<group>"; };
		4DD74A2D698454539FA6B254 /* Pods_Blog.framework */ = {isa = PBXFileReference; explicitFileType = wrapper.framework; includeInIndex = 0; path = Pods_Blog.framework; sourceTree = BUILT_PRODUCTS_DIR; };
		B1576B9C699EFAECD9DB77D4 /* Pods-Blog.release.xcconfig */ = {isa = PBXFileReference; includeInIndex = 1; lastKnownFileType = text.xcconfig; name = "Pods-Blog.release.xcconfig"; path = "Target Support Files/Pods-Blog/Pods-Blog.release.xcconfig"; sourceTree = "<group>"; };
/* End PBXFileReference section */

/* Begin PBXFrameworksBuildPhase section */
		3EC8A68127831A47009D66A2 /* Frameworks */ = {
			isa = PBXFrameworksBuildPhase;
			buildActionMask = 2147483647;
			files = (
				833A489C10BEC197E1A16704 /* Pods_Blog.framework in Frameworks */,
			);
			runOnlyForDeploymentPostprocessing = 0;
		};
/* End PBXFrameworksBuildPhase section */

/* Begin PBXGroup section */
		13B83617C7AFE383505FC4D7 /* Frameworks */ = {
			isa = PBXGroup;
			children = (
				4DD74A2D698454539FA6B254 /* Pods_Blog.framework */,
			);
			name = Frameworks;
			sourceTree = "<group>";
		};
		3E67A527278485CC007B196A /* DetailPost */ = {
			isa = PBXGroup;
			children = (
				3E67A52827848634007B196A /* DetailPostViewController.swift */,
				3E67A52927848634007B196A /* DetailPostViewController.xib */,
				3E67A52C27849218007B196A /* CommentTableViewCell.swift */,
				3E67A52D27849218007B196A /* CommentTableViewCell.xib */,
			);
			path = DetailPost;
			sourceTree = "<group>";
		};
		3EC8A67B27831A47009D66A2 = {
			isa = PBXGroup;
			children = (
				3EC8A69E27831F5F009D66A2 /* .swiftlint.yml */,
				3EC8A68627831A47009D66A2 /* Blog */,
				3EC8A68527831A47009D66A2 /* Products */,
				70DF1978709F4E374FFDD6F0 /* Pods */,
				13B83617C7AFE383505FC4D7 /* Frameworks */,
			);
			sourceTree = "<group>";
		};
		3EC8A68527831A47009D66A2 /* Products */ = {
			isa = PBXGroup;
			children = (
				3EC8A68427831A47009D66A2 /* Blog.app */,
			);
			name = Products;
			sourceTree = "<group>";
		};
		3EC8A68627831A47009D66A2 /* Blog */ = {
			isa = PBXGroup;
			children = (
				3EC8A6A127831FB2009D66A2 /* App */,
				3EC8A6AD27833983009D66A2 /* Model */,
				3EC8A6B827834780009D66A2 /* Service */,
				3EC8A6A027831FA7009D66A2 /* SupportingFiles */,
				3EC8A6B3278345C9009D66A2 /* Utility */,
				3EC8A6A2278321F7009D66A2 /* View */,
				3EC8A6BB278349FF009D66A2 /* ViewModel */,
			);
			path = Blog;
			sourceTree = "<group>";
		};
		3EC8A6A027831FA7009D66A2 /* SupportingFiles */ = {
			isa = PBXGroup;
			children = (
				3EC8A69027831A4A009D66A2 /* Assets.xcassets */,
				3EC8A69227831A4A009D66A2 /* LaunchScreen.storyboard */,
				3EC8A69527831A4A009D66A2 /* Info.plist */,
			);
			path = SupportingFiles;
			sourceTree = "<group>";
		};
		3EC8A6A127831FB2009D66A2 /* App */ = {
			isa = PBXGroup;
			children = (
				3EC8A68727831A47009D66A2 /* AppDelegate.swift */,
				3EC8A68927831A47009D66A2 /* SceneDelegate.swift */,
			);
			path = App;
			sourceTree = "<group>";
		};
		3EC8A6A2278321F7009D66A2 /* View */ = {
			isa = PBXGroup;
			children = (
				3E67A527278485CC007B196A /* DetailPost */,
				3EC8A6A827832385009D66A2 /* Post */,
			);
			path = View;
			sourceTree = "<group>";
		};
		3EC8A6A827832385009D66A2 /* Post */ = {
			isa = PBXGroup;
			children = (
				3EC8A6BF27834CC9009D66A2 /* PostViewController.swift */,
				3EC8A6BE27834CC9009D66A2 /* PostViewController.xib */,
				3EC8A6A92783241B009D66A2 /* PostTableViewCell.swift */,
				3EC8A6AA2783241B009D66A2 /* PostTableViewCell.xib */,
			);
			path = Post;
			sourceTree = "<group>";
		};
		3EC8A6AD27833983009D66A2 /* Model */ = {
			isa = PBXGroup;
			children = (
				3EC8A6AE278339D4009D66A2 /* Post.swift */,
				3EC8A6B027833AD8009D66A2 /* User.swift */,
				3E67A5322784986F007B196A /* Comment.swift */,
			);
			path = Model;
			sourceTree = "<group>";
		};
		3EC8A6B3278345C9009D66A2 /* Utility */ = {
			isa = PBXGroup;
			children = (
				3EC8A6B62783462B009D66A2 /* ApiCall.swift */,
				3EC8A6B4278345DB009D66A2 /* Box.swift */,
			);
			path = Utility;
			sourceTree = "<group>";
		};
		3EC8A6B827834780009D66A2 /* Service */ = {
			isa = PBXGroup;
			children = (
				3EC8A6B927834790009D66A2 /* NetworkService.swift */,
			);
			path = Service;
			sourceTree = "<group>";
		};
		3EC8A6BB278349FF009D66A2 /* ViewModel */ = {
			isa = PBXGroup;
			children = (
				3EC8A6BC27834ACD009D66A2 /* PostViewModel.swift */,
				3E67A53627849BE4007B196A /* DetailPostViewModel.swift */,
			);
			path = ViewModel;
			sourceTree = "<group>";
		};
		70DF1978709F4E374FFDD6F0 /* Pods */ = {
			isa = PBXGroup;
			children = (
				15CA4AEE8674006FA045FB39 /* Pods-Blog.debug.xcconfig */,
				B1576B9C699EFAECD9DB77D4 /* Pods-Blog.release.xcconfig */,
			);
			path = Pods;
			sourceTree = "<group>";
		};
/* End PBXGroup section */

/* Begin PBXNativeTarget section */
		3EC8A68327831A47009D66A2 /* Blog */ = {
			isa = PBXNativeTarget;
			buildConfigurationList = 3EC8A69827831A4A009D66A2 /* Build configuration list for PBXNativeTarget "Blog" */;
			buildPhases = (
				7B92132F9E79774391DF4E03 /* [CP] Check Pods Manifest.lock */,
				3EC8A68027831A47009D66A2 /* Sources */,
				3EC8A68127831A47009D66A2 /* Frameworks */,
				3EC8A68227831A47009D66A2 /* Resources */,
				2A28D73DD8633D952A81047F /* [CP] Embed Pods Frameworks */,
				3EC8A69D27831F2E009D66A2 /* ShellScript */,
			);
			buildRules = (
			);
			dependencies = (
			);
			name = Blog;
			productName = Blog;
			productReference = 3EC8A68427831A47009D66A2 /* Blog.app */;
			productType = "com.apple.product-type.application";
		};
/* End PBXNativeTarget section */

/* Begin PBXProject section */
		3EC8A67C27831A47009D66A2 /* Project object */ = {
			isa = PBXProject;
			attributes = {
				BuildIndependentTargetsInParallel = 1;
				LastSwiftUpdateCheck = 1320;
				LastUpgradeCheck = 1320;
				TargetAttributes = {
					3EC8A68327831A47009D66A2 = {
						CreatedOnToolsVersion = 13.2.1;
					};
				};
			};
			buildConfigurationList = 3EC8A67F27831A47009D66A2 /* Build configuration list for PBXProject "Blog" */;
			compatibilityVersion = "Xcode 13.0";
			developmentRegion = en;
			hasScannedForEncodings = 0;
			knownRegions = (
				en,
				Base,
			);
			mainGroup = 3EC8A67B27831A47009D66A2;
			productRefGroup = 3EC8A68527831A47009D66A2 /* Products */;
			projectDirPath = "";
			projectRoot = "";
			targets = (
				3EC8A68327831A47009D66A2 /* Blog */,
			);
		};
/* End PBXProject section */

/* Begin PBXResourcesBuildPhase section */
		3EC8A68227831A47009D66A2 /* Resources */ = {
			isa = PBXResourcesBuildPhase;
			buildActionMask = 2147483647;
			files = (
				3EC8A6AC2783241B009D66A2 /* PostTableViewCell.xib in Resources */,
				3E67A52B27848634007B196A /* DetailPostViewController.xib in Resources */,
				3EC8A69F27831F5F009D66A2 /* .swiftlint.yml in Resources */,
				3EC8A69427831A4A009D66A2 /* LaunchScreen.storyboard in Resources */,
				3E67A52F27849218007B196A /* CommentTableViewCell.xib in Resources */,
				3EC8A69127831A4A009D66A2 /* Assets.xcassets in Resources */,
				3EC8A6C027834CC9009D66A2 /* PostViewController.xib in Resources */,
			);
			runOnlyForDeploymentPostprocessing = 0;
		};
/* End PBXResourcesBuildPhase section */

/* Begin PBXShellScriptBuildPhase section */
		2A28D73DD8633D952A81047F /* [CP] Embed Pods Frameworks */ = {
			isa = PBXShellScriptBuildPhase;
			buildActionMask = 2147483647;
			files = (
			);
			inputFileListPaths = (
				"${PODS_ROOT}/Target Support Files/Pods-Blog/Pods-Blog-frameworks-${CONFIGURATION}-input-files.xcfilelist",
			);
			name = "[CP] Embed Pods Frameworks";
			outputFileListPaths = (
				"${PODS_ROOT}/Target Support Files/Pods-Blog/Pods-Blog-frameworks-${CONFIGURATION}-output-files.xcfilelist",
			);
			runOnlyForDeploymentPostprocessing = 0;
			shellPath = /bin/sh;
			shellScript = "\"${PODS_ROOT}/Target Support Files/Pods-Blog/Pods-Blog-frameworks.sh\"\n";
			showEnvVarsInLog = 0;
		};
		3EC8A69D27831F2E009D66A2 /* ShellScript */ = {
			isa = PBXShellScriptBuildPhase;
			buildActionMask = 2147483647;
			files = (
			);
			inputFileListPaths = (
			);
			inputPaths = (
			);
			outputFileListPaths = (
			);
			outputPaths = (
			);
			runOnlyForDeploymentPostprocessing = 0;
			shellPath = /bin/sh;
			shellScript = "if which swiftlint >/dev/null; then\n  swiftlint\nelse\n  echo \"warning: SwiftLint not installed, download from https://github.com/realm/SwiftLint\"\nfi\n";
		};
		7B92132F9E79774391DF4E03 /* [CP] Check Pods Manifest.lock */ = {
			isa = PBXShellScriptBuildPhase;
			buildActionMask = 2147483647;
			files = (
			);
			inputFileListPaths = (
			);
			inputPaths = (
				"${PODS_PODFILE_DIR_PATH}/Podfile.lock",
				"${PODS_ROOT}/Manifest.lock",
			);
			name = "[CP] Check Pods Manifest.lock";
			outputFileListPaths = (
			);
			outputPaths = (
				"$(DERIVED_FILE_DIR)/Pods-Blog-checkManifestLockResult.txt",
			);
			runOnlyForDeploymentPostprocessing = 0;
			shellPath = /bin/sh;
			shellScript = "diff \"${PODS_PODFILE_DIR_PATH}/Podfile.lock\" \"${PODS_ROOT}/Manifest.lock\" > /dev/null\nif [ $? != 0 ] ; then\n    # print error to STDERR\n    echo \"error: The sandbox is not in sync with the Podfile.lock. Run 'pod install' or update your CocoaPods installation.\" >&2\n    exit 1\nfi\n# This output is used by Xcode 'outputs' to avoid re-running this script phase.\necho \"SUCCESS\" > \"${SCRIPT_OUTPUT_FILE_0}\"\n";
			showEnvVarsInLog = 0;
		};
/* End PBXShellScriptBuildPhase section */

/* Begin PBXSourcesBuildPhase section */
		3EC8A68027831A47009D66A2 /* Sources */ = {
			isa = PBXSourcesBuildPhase;
			buildActionMask = 2147483647;
			files = (
				3EC8A6BD27834ACD009D66A2 /* PostViewModel.swift in Sources */,
				3EC8A6B5278345DB009D66A2 /* Box.swift in Sources */,
				3EC8A68827831A47009D66A2 /* AppDelegate.swift in Sources */,
				3EC8A6B127833AD8009D66A2 /* User.swift in Sources */,
				3EC8A6C127834CC9009D66A2 /* PostViewController.swift in Sources */,
				3E67A53727849BE4007B196A /* DetailPostViewModel.swift in Sources */,
				3EC8A6BA27834790009D66A2 /* NetworkService.swift in Sources */,
				3EC8A68A27831A47009D66A2 /* SceneDelegate.swift in Sources */,
				3E67A52E27849218007B196A /* CommentTableViewCell.swift in Sources */,
				3E67A5332784986F007B196A /* Comment.swift in Sources */,
				3EC8A6AB2783241B009D66A2 /* PostTableViewCell.swift in Sources */,
				3EC8A6B72783462B009D66A2 /* ApiCall.swift in Sources */,
				3E67A52A27848634007B196A /* DetailPostViewController.swift in Sources */,
				3EC8A6AF278339D4009D66A2 /* Post.swift in Sources */,
			);
			runOnlyForDeploymentPostprocessing = 0;
		};
/* End PBXSourcesBuildPhase section */

/* Begin PBXVariantGroup section */
		3EC8A69227831A4A009D66A2 /* LaunchScreen.storyboard */ = {
			isa = PBXVariantGroup;
			children = (
				3EC8A69327831A4A009D66A2 /* Base */,
			);
			name = LaunchScreen.storyboard;
			sourceTree = "<group>";
		};
/* End PBXVariantGroup section */

/* Begin XCBuildConfiguration section */
		3EC8A69627831A4A009D66A2 /* Debug */ = {
			isa = XCBuildConfiguration;
			buildSettings = {
				ALWAYS_SEARCH_USER_PATHS = NO;
				CLANG_ANALYZER_NONNULL = YES;
				CLANG_ANALYZER_NUMBER_OBJECT_CONVERSION = YES_AGGRESSIVE;
				CLANG_CXX_LANGUAGE_STANDARD = "gnu++17";
				CLANG_CXX_LIBRARY = "libc++";
				CLANG_ENABLE_MODULES = YES;
				CLANG_ENABLE_OBJC_ARC = YES;
				CLANG_ENABLE_OBJC_WEAK = YES;
				CLANG_WARN_BLOCK_CAPTURE_AUTORELEASING = YES;
				CLANG_WARN_BOOL_CONVERSION = YES;
				CLANG_WARN_COMMA = YES;
				CLANG_WARN_CONSTANT_CONVERSION = YES;
				CLANG_WARN_DEPRECATED_OBJC_IMPLEMENTATIONS = YES;
				CLANG_WARN_DIRECT_OBJC_ISA_USAGE = YES_ERROR;
				CLANG_WARN_DOCUMENTATION_COMMENTS = YES;
				CLANG_WARN_EMPTY_BODY = YES;
				CLANG_WARN_ENUM_CONVERSION = YES;
				CLANG_WARN_INFINITE_RECURSION = YES;
				CLANG_WARN_INT_CONVERSION = YES;
				CLANG_WARN_NON_LITERAL_NULL_CONVERSION = YES;
				CLANG_WARN_OBJC_IMPLICIT_RETAIN_SELF = YES;
				CLANG_WARN_OBJC_LITERAL_CONVERSION = YES;
				CLANG_WARN_OBJC_ROOT_CLASS = YES_ERROR;
				CLANG_WARN_QUOTED_INCLUDE_IN_FRAMEWORK_HEADER = YES;
				CLANG_WARN_RANGE_LOOP_ANALYSIS = YES;
				CLANG_WARN_STRICT_PROTOTYPES = YES;
				CLANG_WARN_SUSPICIOUS_MOVE = YES;
				CLANG_WARN_UNGUARDED_AVAILABILITY = YES_AGGRESSIVE;
				CLANG_WARN_UNREACHABLE_CODE = YES;
				CLANG_WARN__DUPLICATE_METHOD_MATCH = YES;
				COPY_PHASE_STRIP = NO;
				DEBUG_INFORMATION_FORMAT = dwarf;
				ENABLE_STRICT_OBJC_MSGSEND = YES;
				ENABLE_TESTABILITY = YES;
				GCC_C_LANGUAGE_STANDARD = gnu11;
				GCC_DYNAMIC_NO_PIC = NO;
				GCC_NO_COMMON_BLOCKS = YES;
				GCC_OPTIMIZATION_LEVEL = 0;
				GCC_PREPROCESSOR_DEFINITIONS = (
					"DEBUG=1",
					"$(inherited)",
				);
				GCC_WARN_64_TO_32_BIT_CONVERSION = YES;
				GCC_WARN_ABOUT_RETURN_TYPE = YES_ERROR;
				GCC_WARN_UNDECLARED_SELECTOR = YES;
				GCC_WARN_UNINITIALIZED_AUTOS = YES_AGGRESSIVE;
				GCC_WARN_UNUSED_FUNCTION = YES;
				GCC_WARN_UNUSED_VARIABLE = YES;
				IPHONEOS_DEPLOYMENT_TARGET = 15.2;
				MTL_ENABLE_DEBUG_INFO = INCLUDE_SOURCE;
				MTL_FAST_MATH = YES;
				ONLY_ACTIVE_ARCH = YES;
				SDKROOT = iphoneos;
				SWIFT_ACTIVE_COMPILATION_CONDITIONS = DEBUG;
				SWIFT_OPTIMIZATION_LEVEL = "-Onone";
			};
			name = Debug;
		};
		3EC8A69727831A4A009D66A2 /* Release */ = {
			isa = XCBuildConfiguration;
			buildSettings = {
				ALWAYS_SEARCH_USER_PATHS = NO;
				CLANG_ANALYZER_NONNULL = YES;
				CLANG_ANALYZER_NUMBER_OBJECT_CONVERSION = YES_AGGRESSIVE;
				CLANG_CXX_LANGUAGE_STANDARD = "gnu++17";
				CLANG_CXX_LIBRARY = "libc++";
				CLANG_ENABLE_MODULES = YES;
				CLANG_ENABLE_OBJC_ARC = YES;
				CLANG_ENABLE_OBJC_WEAK = YES;
				CLANG_WARN_BLOCK_CAPTURE_AUTORELEASING = YES;
				CLANG_WARN_BOOL_CONVERSION = YES;
				CLANG_WARN_COMMA = YES;
				CLANG_WARN_CONSTANT_CONVERSION = YES;
				CLANG_WARN_DEPRECATED_OBJC_IMPLEMENTATIONS = YES;
				CLANG_WARN_DIRECT_OBJC_ISA_USAGE = YES_ERROR;
				CLANG_WARN_DOCUMENTATION_COMMENTS = YES;
				CLANG_WARN_EMPTY_BODY = YES;
				CLANG_WARN_ENUM_CONVERSION = YES;
				CLANG_WARN_INFINITE_RECURSION = YES;
				CLANG_WARN_INT_CONVERSION = YES;
				CLANG_WARN_NON_LITERAL_NULL_CONVERSION = YES;
				CLANG_WARN_OBJC_IMPLICIT_RETAIN_SELF = YES;
				CLANG_WARN_OBJC_LITERAL_CONVERSION = YES;
				CLANG_WARN_OBJC_ROOT_CLASS = YES_ERROR;
				CLANG_WARN_QUOTED_INCLUDE_IN_FRAMEWORK_HEADER = YES;
				CLANG_WARN_RANGE_LOOP_ANALYSIS = YES;
				CLANG_WARN_STRICT_PROTOTYPES = YES;
				CLANG_WARN_SUSPICIOUS_MOVE = YES;
				CLANG_WARN_UNGUARDED_AVAILABILITY = YES_AGGRESSIVE;
				CLANG_WARN_UNREACHABLE_CODE = YES;
				CLANG_WARN__DUPLICATE_METHOD_MATCH = YES;
				COPY_PHASE_STRIP = NO;
				DEBUG_INFORMATION_FORMAT = "dwarf-with-dsym";
				ENABLE_NS_ASSERTIONS = NO;
				ENABLE_STRICT_OBJC_MSGSEND = YES;
				GCC_C_LANGUAGE_STANDARD = gnu11;
				GCC_NO_COMMON_BLOCKS = YES;
				GCC_WARN_64_TO_32_BIT_CONVERSION = YES;
				GCC_WARN_ABOUT_RETURN_TYPE = YES_ERROR;
				GCC_WARN_UNDECLARED_SELECTOR = YES;
				GCC_WARN_UNINITIALIZED_AUTOS = YES_AGGRESSIVE;
				GCC_WARN_UNUSED_FUNCTION = YES;
				GCC_WARN_UNUSED_VARIABLE = YES;
				IPHONEOS_DEPLOYMENT_TARGET = 15.2;
				MTL_ENABLE_DEBUG_INFO = NO;
				MTL_FAST_MATH = YES;
				SDKROOT = iphoneos;
				SWIFT_COMPILATION_MODE = wholemodule;
				SWIFT_OPTIMIZATION_LEVEL = "-O";
				VALIDATE_PRODUCT = YES;
			};
			name = Release;
		};
		3EC8A69927831A4A009D66A2 /* Debug */ = {
			isa = XCBuildConfiguration;
			baseConfigurationReference = 15CA4AEE8674006FA045FB39 /* Pods-Blog.debug.xcconfig */;
			buildSettings = {
				ASSETCATALOG_COMPILER_APPICON_NAME = AppIcon;
				ASSETCATALOG_COMPILER_GLOBAL_ACCENT_COLOR_NAME = AccentColor;
				CODE_SIGN_STYLE = Automatic;
				CURRENT_PROJECT_VERSION = 1;
				DEVELOPMENT_TEAM = 94XJVN3C32;
				GENERATE_INFOPLIST_FILE = YES;
				INFOPLIST_FILE = Blog/SupportingFiles/Info.plist;
				INFOPLIST_KEY_UIApplicationSupportsIndirectInputEvents = YES;
				INFOPLIST_KEY_UILaunchStoryboardName = LaunchScreen;
				INFOPLIST_KEY_UISupportedInterfaceOrientations = UIInterfaceOrientationPortrait;
				INFOPLIST_KEY_UISupportedInterfaceOrientations_iPad = "UIInterfaceOrientationPortrait UIInterfaceOrientationPortraitUpsideDown UIInterfaceOrientationLandscapeLeft UIInterfaceOrientationLandscapeRight";
				INFOPLIST_KEY_UISupportedInterfaceOrientations_iPhone = "UIInterfaceOrientationPortrait UIInterfaceOrientationLandscapeLeft UIInterfaceOrientationLandscapeRight";
				LD_RUNPATH_SEARCH_PATHS = (
					"$(inherited)",
					"@executable_path/Frameworks",
				);
				MARKETING_VERSION = 1.0;
				PRODUCT_BUNDLE_IDENTIFIER = com.wahidhidayat.Blog;
				PRODUCT_NAME = "$(TARGET_NAME)";
				SWIFT_EMIT_LOC_STRINGS = YES;
				SWIFT_VERSION = 5.0;
				TARGETED_DEVICE_FAMILY = "1,2";
			};
			name = Debug;
		};
		3EC8A69A27831A4A009D66A2 /* Release */ = {
			isa = XCBuildConfiguration;
			baseConfigurationReference = B1576B9C699EFAECD9DB77D4 /* Pods-Blog.release.xcconfig */;
			buildSettings = {
				ASSETCATALOG_COMPILER_APPICON_NAME = AppIcon;
				ASSETCATALOG_COMPILER_GLOBAL_ACCENT_COLOR_NAME = AccentColor;
				CODE_SIGN_STYLE = Automatic;
				CURRENT_PROJECT_VERSION = 1;
				DEVELOPMENT_TEAM = 94XJVN3C32;
				GENERATE_INFOPLIST_FILE = YES;
				INFOPLIST_FILE = Blog/SupportingFiles/Info.plist;
				INFOPLIST_KEY_UIApplicationSupportsIndirectInputEvents = YES;
				INFOPLIST_KEY_UILaunchStoryboardName = LaunchScreen;
				INFOPLIST_KEY_UISupportedInterfaceOrientations = UIInterfaceOrientationPortrait;
				INFOPLIST_KEY_UISupportedInterfaceOrientations_iPad = "UIInterfaceOrientationPortrait UIInterfaceOrientationPortraitUpsideDown UIInterfaceOrientationLandscapeLeft UIInterfaceOrientationLandscapeRight";
				INFOPLIST_KEY_UISupportedInterfaceOrientations_iPhone = "UIInterfaceOrientationPortrait UIInterfaceOrientationLandscapeLeft UIInterfaceOrientationLandscapeRight";
				LD_RUNPATH_SEARCH_PATHS = (
					"$(inherited)",
					"@executable_path/Frameworks",
				);
				MARKETING_VERSION = 1.0;
				PRODUCT_BUNDLE_IDENTIFIER = com.wahidhidayat.Blog;
				PRODUCT_NAME = "$(TARGET_NAME)";
				SWIFT_EMIT_LOC_STRINGS = YES;
				SWIFT_VERSION = 5.0;
				TARGETED_DEVICE_FAMILY = "1,2";
			};
			name = Release;
		};
/* End XCBuildConfiguration section */

/* Begin XCConfigurationList section */
		3EC8A67F27831A47009D66A2 /* Build configuration list for PBXProject "Blog" */ = {
			isa = XCConfigurationList;
			buildConfigurations = (
				3EC8A69627831A4A009D66A2 /* Debug */,
				3EC8A69727831A4A009D66A2 /* Release */,
			);
			defaultConfigurationIsVisible = 0;
			defaultConfigurationName = Release;
		};
		3EC8A69827831A4A009D66A2 /* Build configuration list for PBXNativeTarget "Blog" */ = {
			isa = XCConfigurationList;
			buildConfigurations = (
				3EC8A69927831A4A009D66A2 /* Debug */,
				3EC8A69A27831A4A009D66A2 /* Release */,
			);
			defaultConfigurationIsVisible = 0;
			defaultConfigurationName = Release;
		};
/* End XCConfigurationList section */
	};
	rootObject = 3EC8A67C27831A47009D66A2 /* Project object */;
}
